Microsoft Visual Studio Solution File, Format Version 12.00
# Visual Studio Version 17
VisualStudioVersion = 17.5.2.0
MinimumVisualStudioVersion = 10.0.40219.1
Project("{FAE04EC0-301F-11D3-BF4B-00C04F79EFBC}") = "Streaming", "Streaming.csproj", "{B84130F1-5ECB-FC9B-03A6-7DD1A6BFBC70}"
EndProject
Global
	GlobalSection(SolutionConfigurationPlatforms) = preSolution
		Debug|Any CPU = Debug|Any CPU
		Release|Any CPU = Release|Any CPU
	EndGlobalSection
	GlobalSection(ProjectConfigurationPlatforms) = postSolution
		{B84130F1-5ECB-FC9B-03A6-7DD1A6BFBC70}.Debug|Any CPU.ActiveCfg = Debug|Any CPU
		{B84130F1-5ECB-FC9B-03A6-7DD1A6BFBC70}.Debug|Any CPU.Build.0 = Debug|Any CPU
		{B84130F1-5ECB-FC9B-03A6-7DD1A6BFBC70}.Release|Any CPU.ActiveCfg = Release|Any CPU
		{B84130F1-5ECB-FC9B-03A6-7DD1A6BFBC70}.Release|Any CPU.Build.0 = Release|Any CPU
	EndGlobalSection
	GlobalSection(SolutionProperties) = preSolution
		HideSolutionNode = FALSE
	EndGlobalSection
	GlobalSection(ExtensibilityGlobals) = postSolution
		SolutionGuid = {05243EDD-6ADD-431C-85B2-0600BB5834B7}
	EndGlobalSection
EndGlobal
